// !$*UTF8*$!
{
	archiveVersion = 1;
	classes = {
	};
	objectVersion = 50;
	objects = {

/* Begin PBXBuildFile section */
		6D3F73B42655C1450099FA5C /* AppDelegate.swift in Sources */ = {isa = PBXBuildFile; fileRef = 6D3F73B32655C1450099FA5C /* AppDelegate.swift */; };
		6D3F73B62655C1450099FA5C /* SceneDelegate.swift in Sources */ = {isa = PBXBuildFile; fileRef = 6D3F73B52655C1450099FA5C /* SceneDelegate.swift */; };
		6D3F73BB2655C1450099FA5C /* Main.storyboard in Resources */ = {isa = PBXBuildFile; fileRef = 6D3F73B92655C1450099FA5C /* Main.storyboard */; };
		6D3F73BE2655C1450099FA5C /* core_data_app.xcdatamodeld in Sources */ = {isa = PBXBuildFile; fileRef = 6D3F73BC2655C1450099FA5C /* core_data_app.xcdatamodeld */; };
		6D3F73C02655C1470099FA5C /* Assets.xcassets in Resources */ = {isa = PBXBuildFile; fileRef = 6D3F73BF2655C1470099FA5C /* Assets.xcassets */; };
		6D3F73C32655C1470099FA5C /* LaunchScreen.storyboard in Resources */ = {isa = PBXBuildFile; fileRef = 6D3F73C12655C1470099FA5C /* LaunchScreen.storyboard */; };
		6DEF9CB62667FA5C0043B112 /* Ex.swift in Sources */ = {isa = PBXBuildFile; fileRef = 6DEF9CB52667FA5C0043B112 /* Ex.swift */; };
		6DEF9CBB2667FF1C0043B112 /* ListAnotationTableViewController.swift in Sources */ = {isa = PBXBuildFile; fileRef = 6DEF9CBA2667FF1C0043B112 /* ListAnotationTableViewController.swift */; };
		6DEF9CBF2667FF7A0043B112 /* AnotationViewController.swift in Sources */ = {isa = PBXBuildFile; fileRef = 6DEF9CBE2667FF7A0043B112 /* AnotationViewController.swift */; };
/* End PBXBuildFile section */

/* Begin PBXFileReference section */
		6D3F73B02655C1450099FA5C /* core-data-app.app */ = {isa = PBXFileReference; explicitFileType = wrapper.application; includeInIndex = 0; path = "core-data-app.app"; sourceTree = BUILT_PRODUCTS_DIR; };
		6D3F73B32655C1450099FA5C /* AppDelegate.swift */ = {isa = PBXFileReference; lastKnownFileType = sourcecode.swift; path = AppDelegate.swift; sourceTree = "<group>"; };
		6D3F73B52655C1450099FA5C /* SceneDelegate.swift */ = {isa = PBXFileReference; lastKnownFileType = sourcecode.swift; path = SceneDelegate.swift; sourceTree = "<group>"; };
		6D3F73BA2655C1450099FA5C /* Base */ = {isa = PBXFileReference; lastKnownFileType = file.storyboard; name = Base; path = Base.lproj/Main.storyboard; sourceTree = "<group>"; };
		6D3F73BD2655C1450099FA5C /* core_data_app.xcdatamodel */ = {isa = PBXFileReference; lastKnownFileType = wrapper.xcdatamodel; path = core_data_app.xcdatamodel; sourceTree = "<group>"; };
		6D3F73BF2655C1470099FA5C /* Assets.xcassets */ = {isa = PBXFileReference; lastKnownFileType = folder.assetcatalog; path = Assets.xcassets; sourceTree = "<group>"; };
		6D3F73C22655C1470099FA5C /* Base */ = {isa = PBXFileReference; lastKnownFileType = file.storyboard; name = Base; path = Base.lproj/LaunchScreen.storyboard; sourceTree = "<group>"; };
		6D3F73C42655C1470099FA5C /* Info.plist */ = {isa = PBXFileReference; lastKnownFileType = text.plist.xml; path = Info.plist; sourceTree = "<group>"; };
		6DEF9CB52667FA5C0043B112 /* Ex.swift */ = {isa = PBXFileReference; lastKnownFileType = sourcecode.swift; path = Ex.swift; sourceTree = "<group>"; };
		6DEF9CBA2667FF1C0043B112 /* ListAnotationTableViewController.swift */ = {isa = PBXFileReference; lastKnownFileType = sourcecode.swift; path = ListAnotationTableViewController.swift; sourceTree = "<group>"; };
		6DEF9CBE2667FF7A0043B112 /* AnotationViewController.swift */ = {isa = PBXFileReference; lastKnownFileType = sourcecode.swift; path = AnotationViewController.swift; sourceTree = "<group>"; };
/* End PBXFileReference section */

/* Begin PBXFrameworksBuildPhase section */
		6D3F73AD2655C1450099FA5C /* Frameworks */ = {
			isa = PBXFrameworksBuildPhase;
			buildActionMask = 2147483647;
			files = (
			);
			runOnlyForDeploymentPostprocessing = 0;
		};
/* End PBXFrameworksBuildPhase section */

/* Begin PBXGroup section */
		6D3F73A72655C1450099FA5C = {
			isa = PBXGroup;
			children = (
				6D3F73B22655C1450099FA5C /* core-data-app */,
				6D3F73B12655C1450099FA5C /* Products */,
			);
			sourceTree = "<group>";
		};
		6D3F73B12655C1450099FA5C /* Products */ = {
			isa = PBXGroup;
			children = (
				6D3F73B02655C1450099FA5C /* core-data-app.app */,
			);
			name = Products;
			sourceTree = "<group>";
		};
		6D3F73B22655C1450099FA5C /* core-data-app */ = {
			isa = PBXGroup;
			children = (
				6DEF9CB42667FA2E0043B112 /* Examples */,
				6D3F73B32655C1450099FA5C /* AppDelegate.swift */,
				6D3F73B52655C1450099FA5C /* SceneDelegate.swift */,
				6DEF9CBA2667FF1C0043B112 /* ListAnotationTableViewController.swift */,
				6DEF9CBE2667FF7A0043B112 /* AnotationViewController.swift */,
				6D3F73B92655C1450099FA5C /* Main.storyboard */,
				6D3F73BF2655C1470099FA5C /* Assets.xcassets */,
				6D3F73C12655C1470099FA5C /* LaunchScreen.storyboard */,
				6D3F73C42655C1470099FA5C /* Info.plist */,
				6D3F73BC2655C1450099FA5C /* core_data_app.xcdatamodeld */,
			);
			path = "core-data-app";
			sourceTree = "<group>";
		};
		6DEF9CB42667FA2E0043B112 /* Examples */ = {
			isa = PBXGroup;
			children = (
				6DEF9CB52667FA5C0043B112 /* Ex.swift */,
			);
			path = Examples;
			sourceTree = "<group>";
		};
/* End PBXGroup section */

/* Begin PBXNativeTarget section */
		6D3F73AF2655C1450099FA5C /* core-data-app */ = {
			isa = PBXNativeTarget;
			buildConfigurationList = 6D3F73C72655C1470099FA5C /* Build configuration list for PBXNativeTarget "core-data-app" */;
			buildPhases = (
				6D3F73AC2655C1450099FA5C /* Sources */,
				6D3F73AD2655C1450099FA5C /* Frameworks */,
				6D3F73AE2655C1450099FA5C /* Resources */,
			);
			buildRules = (
			);
			dependencies = (
			);
			name = "core-data-app";
			productName = "core-data-app";
			productReference = 6D3F73B02655C1450099FA5C /* core-data-app.app */;
			productType = "com.apple.product-type.application";
		};
/* End PBXNativeTarget section */

/* Begin PBXProject section */
		6D3F73A82655C1450099FA5C /* Project object */ = {
			isa = PBXProject;
			attributes = {
				LastSwiftUpdateCheck = 1220;
				LastUpgradeCheck = 1220;
				TargetAttributes = {
					6D3F73AF2655C1450099FA5C = {
						CreatedOnToolsVersion = 12.2;
					};
				};
			};
			buildConfigurationList = 6D3F73AB2655C1450099FA5C /* Build configuration list for PBXProject "core-data-app" */;
			compatibilityVersion = "Xcode 9.3";
			developmentRegion = en;
			hasScannedForEncodings = 0;
			knownRegions = (
				en,
				Base,
			);
			mainGroup = 6D3F73A72655C1450099FA5C;
			productRefGroup = 6D3F73B12655C1450099FA5C /* Products */;
			projectDirPath = "";
			projectRoot = "";
			targets = (
				6D3F73AF2655C1450099FA5C /* core-data-app */,
			);
		};
/* End PBXProject section */

/* Begin PBXResourcesBuildPhase section */
		6D3F73AE2655C1450099FA5C /* Resources */ = {
			isa = PBXResourcesBuildPhase;
			buildActionMask = 2147483647;
			files = (
				6D3F73C32655C1470099FA5C /* LaunchScreen.storyboard in Resources */,
				6D3F73C02655C1470099FA5C /* Assets.xcassets in Resources */,
				6D3F73BB2655C1450099FA5C /* Main.storyboard in Resources */,
			);
			runOnlyForDeploymentPostprocessing = 0;
		};
/* End PBXResourcesBuildPhase section */

/* Begin PBXSourcesBuildPhase section */
		6D3F73AC2655C1450099FA5C /* Sources */ = {
			isa = PBXSourcesBuildPhase;
			buildActionMask = 2147483647;
			files = (
				6DEF9CBF2667FF7A0043B112 /* AnotationViewController.swift in Sources */,
				6D3F73BE2655C1450099FA5C /* core_data_app.xcdatamodeld in Sources */,
				6DEF9CBB2667FF1C0043B112 /* ListAnotationTableViewController.swift in Sources */,
				6D3F73B42655C1450099FA5C /* AppDelegate.swift in Sources */,
				6DEF9CB62667FA5C0043B112 /* Ex.swift in Sources */,
				6D3F73B62655C1450099FA5C /* SceneDelegate.swift in Sources */,
			);
			runOnlyForDeploymentPostprocessing = 0;
		};
/* End PBXSourcesBuildPhase section */

/* Begin PBXVariantGroup section */
		6D3F73B92655C1450099FA5C /* Main.storyboard */ = {
			isa = PBXVariantGroup;
			children = (
				6D3F73BA2655C1450099FA5C /* Base */,
			);
			name = Main.storyboard;
			sourceTree = "<group>";
		};
		6D3F73C12655C1470099FA5C /* LaunchScreen.storyboard */ = {
			isa = PBXVariantGroup;
			children = (
				6D3F73C22655C1470099FA5C /* Base */,
			);
			name = LaunchScreen.storyboard;
			sourceTree = "<group>";
		};
/* End PBXVariantGroup section */

/* Begin XCBuildConfiguration section */
		6D3F73C52655C1470099FA5C /* Debug */ = {
			isa = XCBuildConfiguration;
			buildSettings = {
				ALWAYS_SEARCH_USER_PATHS = NO;
				CLANG_ANALYZER_NONNULL = YES;
				CLANG_ANALYZER_NUMBER_OBJECT_CONVERSION = YES_AGGRESSIVE;
				CLANG_CXX_LANGUAGE_STANDARD = "gnu++14";
				CLANG_CXX_LIBRARY = "libc++";
				CLANG_ENABLE_MODULES = YES;
				CLANG_ENABLE_OBJC_ARC = YES;
				CLANG_ENABLE_OBJC_WEAK = YES;
				CLANG_WARN_BLOCK_CAPTURE_AUTORELEASING = YES;
				CLANG_WARN_BOOL_CONVERSION = YES;
				CLANG_WARN_COMMA = YES;
				CLANG_WARN_CONSTANT_CONVERSION = YES;
				CLANG_WARN_DEPRECATED_OBJC_IMPLEMENTATIONS = YES;
				CLANG_WARN_DIRECT_OBJC_ISA_USAGE = YES_ERROR;
				CLANG_WARN_DOCUMENTATION_COMMENTS = YES;
				CLANG_WARN_EMPTY_BODY = YES;
				CLANG_WARN_ENUM_CONVERSION = YES;
				CLANG_WARN_INFINITE_RECURSION = YES;
				CLANG_WARN_INT_CONVERSION = YES;
				CLANG_WARN_NON_LITERAL_NULL_CONVERSION = YES;
				CLANG_WARN_OBJC_IMPLICIT_RETAIN_SELF = YES;
				CLANG_WARN_OBJC_LITERAL_CONVERSION = YES;
				CLANG_WARN_OBJC_ROOT_CLASS = YES_ERROR;
				CLANG_WARN_QUOTED_INCLUDE_IN_FRAMEWORK_HEADER = YES;
				CLANG_WARN_RANGE_LOOP_ANALYSIS = YES;
				CLANG_WARN_STRICT_PROTOTYPES = YES;
				CLANG_WARN_SUSPICIOUS_MOVE = YES;
				CLANG_WARN_UNGUARDED_AVAILABILITY = YES_AGGRESSIVE;
				CLANG_WARN_UNREACHABLE_CODE = YES;
				CLANG_WARN__DUPLICATE_METHOD_MATCH = YES;
				COPY_PHASE_STRIP = NO;
				DEBUG_INFORMATION_FORMAT = dwarf;
				ENABLE_STRICT_OBJC_MSGSEND = YES;
				ENABLE_TESTABILITY = YES;
				GCC_C_LANGUAGE_STANDARD = gnu11;
				GCC_DYNAMIC_NO_PIC = NO;
				GCC_NO_COMMON_BLOCKS = YES;
				GCC_OPTIMIZATION_LEVEL = 0;
				GCC_PREPROCESSOR_DEFINITIONS = (
					"DEBUG=1",
					"$(inherited)",
				);
				GCC_WARN_64_TO_32_BIT_CONVERSION = YES;
				GCC_WARN_ABOUT_RETURN_TYPE = YES_ERROR;
				GCC_WARN_UNDECLARED_SELECTOR = YES;
				GCC_WARN_UNINITIALIZED_AUTOS = YES_AGGRESSIVE;
				GCC_WARN_UNUSED_FUNCTION = YES;
				GCC_WARN_UNUSED_VARIABLE = YES;
				IPHONEOS_DEPLOYMENT_TARGET = 14.2;
				MTL_ENABLE_DEBUG_INFO = INCLUDE_SOURCE;
				MTL_FAST_MATH = YES;
				ONLY_ACTIVE_ARCH = YES;
				SDKROOT = iphoneos;
				SWIFT_ACTIVE_COMPILATION_CONDITIONS = DEBUG;
				SWIFT_OPTIMIZATION_LEVEL = "-Onone";
			};
			name = Debug;
		};
		6D3F73C62655C1470099FA5C /* Release */ = {
			isa = XCBuildConfiguration;
			buildSettings = {
				ALWAYS_SEARCH_USER_PATHS = NO;
				CLANG_ANALYZER_NONNULL = YES;
				CLANG_ANALYZER_NUMBER_OBJECT_CONVERSION = YES_AGGRESSIVE;
				CLANG_CXX_LANGUAGE_STANDARD = "gnu++14";
				CLANG_CXX_LIBRARY = "libc++";
				CLANG_ENABLE_MODULES = YES;
				CLANG_ENABLE_OBJC_ARC = YES;
				CLANG_ENABLE_OBJC_WEAK = YES;
				CLANG_WARN_BLOCK_CAPTURE_AUTORELEASING = YES;
				CLANG_WARN_BOOL_CONVERSION = YES;
				CLANG_WARN_COMMA = YES;
				CLANG_WARN_CONSTANT_CONVERSION = YES;
				CLANG_WARN_DEPRECATED_OBJC_IMPLEMENTATIONS = YES;
				CLANG_WARN_DIRECT_OBJC_ISA_USAGE = YES_ERROR;
				CLANG_WARN_DOCUMENTATION_COMMENTS = YES;
				CLANG_WARN_EMPTY_BODY = YES;
				CLANG_WARN_ENUM_CONVERSION = YES;
				CLANG_WARN_INFINITE_RECURSION = YES;
				CLANG_WARN_INT_CONVERSION = YES;
				CLANG_WARN_NON_LITERAL_NULL_CONVERSION = YES;
				CLANG_WARN_OBJC_IMPLICIT_RETAIN_SELF = YES;
				CLANG_WARN_OBJC_LITERAL_CONVERSION = YES;
				CLANG_WARN_OBJC_ROOT_CLASS = YES_ERROR;
				CLANG_WARN_QUOTED_INCLUDE_IN_FRAMEWORK_HEADER = YES;
				CLANG_WARN_RANGE_LOOP_ANALYSIS = YES;
				CLANG_WARN_STRICT_PROTOTYPES = YES;
				CLANG_WARN_SUSPICIOUS_MOVE = YES;
				CLANG_WARN_UNGUARDED_AVAILABILITY = YES_AGGRESSIVE;
				CLANG_WARN_UNREACHABLE_CODE = YES;
				CLANG_WARN__DUPLICATE_METHOD_MATCH = YES;
				COPY_PHASE_STRIP = NO;
				DEBUG_INFORMATION_FORMAT = "dwarf-with-dsym";
				ENABLE_NS_ASSERTIONS = NO;
				ENABLE_STRICT_OBJC_MSGSEND = YES;
				GCC_C_LANGUAGE_STANDARD = gnu11;
				GCC_NO_COMMON_BLOCKS = YES;
				GCC_WARN_64_TO_32_BIT_CONVERSION = YES;
				GCC_WARN_ABOUT_RETURN_TYPE = YES_ERROR;
				GCC_WARN_UNDECLARED_SELECTOR = YES;
				GCC_WARN_UNINITIALIZED_AUTOS = YES_AGGRESSIVE;
				GCC_WARN_UNUSED_FUNCTION = YES;
				GCC_WARN_UNUSED_VARIABLE = YES;
				IPHONEOS_DEPLOYMENT_TARGET = 14.2;
				MTL_ENABLE_DEBUG_INFO = NO;
				MTL_FAST_MATH = YES;
				SDKROOT = iphoneos;
				SWIFT_COMPILATION_MODE = wholemodule;
				SWIFT_OPTIMIZATION_LEVEL = "-O";
				VALIDATE_PRODUCT = YES;
			};
			name = Release;
		};
		6D3F73C82655C1470099FA5C /* Debug */ = {
			isa = XCBuildConfiguration;
			buildSettings = {
				ASSETCATALOG_COMPILER_APPICON_NAME = AppIcon;
				ASSETCATALOG_COMPILER_GLOBAL_ACCENT_COLOR_NAME = AccentColor;
				CODE_SIGN_STYLE = Automatic;
				DEVELOPMENT_TEAM = 5VN324YR98;
				INFOPLIST_FILE = "core-data-app/Info.plist";
				LD_RUNPATH_SEARCH_PATHS = (
					"$(inherited)",
					"@executable_path/Frameworks",
				);
				PRODUCT_BUNDLE_IDENTIFIER = "br.com.matheusevangelista.core-data-app";
				PRODUCT_NAME = "$(TARGET_NAME)";
				SWIFT_VERSION = 5.0;
				TARGETED_DEVICE_FAMILY = "1,2";
			};
			name = Debug;
		};
		6D3F73C92655C1470099FA5C /* Release */ = {
			isa = XCBuildConfiguration;
			buildSettings = {
				ASSETCATALOG_COMPILER_APPICON_NAME = AppIcon;
				ASSETCATALOG_COMPILER_GLOBAL_ACCENT_COLOR_NAME = AccentColor;
				CODE_SIGN_STYLE = Automatic;
				DEVELOPMENT_TEAM = 5VN324YR98;
				INFOPLIST_FILE = "core-data-app/Info.plist";
				LD_RUNPATH_SEARCH_PATHS = (
					"$(inherited)",
					"@executable_path/Frameworks",
				);
				PRODUCT_BUNDLE_IDENTIFIER = "br.com.matheusevangelista.core-data-app";
				PRODUCT_NAME = "$(TARGET_NAME)";
				SWIFT_VERSION = 5.0;
				TARGETED_DEVICE_FAMILY = "1,2";
			};
			name = Release;
		};
/* End XCBuildConfiguration section */

/* Begin XCConfigurationList section */
		6D3F73AB2655C1450099FA5C /* Build configuration list for PBXProject "core-data-app" */ = {
			isa = XCConfigurationList;
			buildConfigurations = (
				6D3F73C52655C1470099FA5C /* Debug */,
				6D3F73C62655C1470099FA5C /* Release */,
			);
			defaultConfigurationIsVisible = 0;
			defaultConfigurationName = Release;
		};
		6D3F73C72655C1470099FA5C /* Build configuration list for PBXNativeTarget "core-data-app" */ = {
			isa = XCConfigurationList;
			buildConfigurations = (
				6D3F73C82655C1470099FA5C /* Debug */,
				6D3F73C92655C1470099FA5C /* Release */,
			);
			defaultConfigurationIsVisible = 0;
			defaultConfigurationName = Release;
		};
/* End XCConfigurationList section */

/* Begin XCVersionGroup section */
		6D3F73BC2655C1450099FA5C /* core_data_app.xcdatamodeld */ = {
			isa = XCVersionGroup;
			children = (
				6D3F73BD2655C1450099FA5C /* core_data_app.xcdatamodel */,
			);
			currentVersion = 6D3F73BD2655C1450099FA5C /* core_data_app.xcdatamodel */;
			path = core_data_app.xcdatamodeld;
			sourceTree = "<group>";
			versionGroupType = wrapper.xcdatamodel;
		};
/* End XCVersionGroup section */
	};
	rootObject = 6D3F73A82655C1450099FA5C /* Project object */;
}
